
Microsoft Visual Studio Solution File, Format Version 12.00
# Visual Studio 15
VisualStudioVersion = 15.0.27703.2035
MinimumVisualStudioVersion = 10.0.40219.1
Project("{FAE04EC0-301F-11D3-BF4B-00C04F79EFBC}") = "E5-1.AcevedoEnsisoPedroGabriel", "E5-1.AcevedoEnsisoPedroGabriel\E5-1.AcevedoEnsisoPedroGabriel.csproj", "{31CD82F7-0DF7-4C9B-BE1D-E22A8C9F7B5E}"
EndProject
Global
	GlobalSection(SolutionConfigurationPlatforms) = preSolution
		Debug|Any CPU = Debug|Any CPU
		Release|Any CPU = Release|Any CPU
	EndGlobalSection
	GlobalSection(ProjectConfigurationPlatforms) = postSolution
		{31CD82F7-0DF7-4C9B-BE1D-E22A8C9F7B5E}.Debug|Any CPU.ActiveCfg = Debug|Any CPU
		{31CD82F7-0DF7-4C9B-BE1D-E22A8C9F7B5E}.Debug|Any CPU.Build.0 = Debug|Any CPU
		{31CD82F7-0DF7-4C9B-BE1D-E22A8C9F7B5E}.Release|Any CPU.ActiveCfg = Release|Any CPU
		{31CD82F7-0DF7-4C9B-BE1D-E22A8C9F7B5E}.Release|Any CPU.Build.0 = Release|Any CPU
	EndGlobalSection
	GlobalSection(SolutionProperties) = preSolution
		HideSolutionNode = FALSE
	EndGlobalSection
	GlobalSection(ExtensibilityGlobals) = postSolution
		SolutionGuid = {744A7DD3-C5F1-4E8B-881C-CE654A41FE66}
	EndGlobalSection
EndGlobal
